{
    "_readme": [
        "This file locks the dependencies of your project to a known state",
        "Read more about it at https://getcomposer.org/doc/01-basic-usage.md#installing-dependencies",
        "This file is @generated automatically"
    ],
    "content-hash": "0d654ac142267451c539de4543c4dca9",
    "packages": [
        {
            "name": "greenter/core",
            "version": "v1.3.2",
            "source": {
                "type": "git",
                "url": "https://github.com/thegreenter/core.git",
                "reference": "8d6ff9b6ad81ab1d7ceb0ce27a4f7f6dd13d5bdb"
            },
            "dist": {
                "type": "zip",
                "url": "https://api.github.com/repos/thegreenter/core/zipball/8d6ff9b6ad81ab1d7ceb0ce27a4f7f6dd13d5bdb",
                "reference": "8d6ff9b6ad81ab1d7ceb0ce27a4f7f6dd13d5bdb",
                "shasum": ""
            },
            "require": {
                "php": ">=5.5.9"
            },
            "type": "library",
            "autoload": {
                "psr-4": {
                    "Greenter\\": "src/Core/"
                }
            },
            "notification-url": "https://packagist.org/downloads/",
            "license": [
                "MIT"
            ],
            "authors": [
                {
                    "name": "Giancarlos Salas",
                    "email": "giansalex@gmail.com"
                }
            ],
            "description": "Greenter Core",
            "homepage": "https://github.com/giansalex/greenter-core",
            "keywords": [
                "facturación electrónica",
                "greenter",
                "sunat"
            ],
            "support": {
                "issues": "https://github.com/thegreenter/core/issues",
                "source": "https://github.com/thegreenter/core/tree/v1.3.2"
            },
            "time": "2018-08-04T16:53:00+00:00"
        },
        {
            "name": "greenter/ws",
            "version": "v1.0.3",
            "source": {
                "type": "git",
                "url": "https://github.com/thegreenter/ws.git",
                "reference": "d2882ad565b6626bb2399203701593d0f8069620"
            },
            "dist": {
                "type": "zip",
                "url": "https://api.github.com/repos/thegreenter/ws/zipball/d2882ad565b6626bb2399203701593d0f8069620",
                "reference": "d2882ad565b6626bb2399203701593d0f8069620",
                "shasum": ""
            },
            "require": {
                "ext-zlib": "*",
                "greenter/core": "^1.0",
                "php": ">=5.5.9"
            },
            "require-dev": {
                "phpunit/phpunit": "4.8.36"
            },
            "type": "project",
            "autoload": {
                "psr-4": {
                    "Greenter\\": "src/"
                }
            },
            "notification-url": "https://packagist.org/downloads/",
            "license": [
                "MIT"
            ],
            "authors": [
                {
                    "name": "Giancarlos Salas",
                    "email": "giansalex@gmail.com"
                }
            ],
            "description": "WS Facturacion Electrónica SUNAT - Perú",
            "homepage": "https://github.com/giansalex/greenter-ws",
            "keywords": [
                "greenter",
                "ws"
            ],
            "support": {
                "issues": "https://github.com/thegreenter/ws/issues",
                "source": "https://github.com/thegreenter/ws/tree/v1.0.3"
            },
            "time": "2017-11-14T16:08:56+00:00"
        },
        {
            "name": "greenter/xml",
            "version": "v1.2.7",
            "source": {
                "type": "git",
                "url": "https://github.com/thegreenter/xml.git",
                "reference": "b487408a852baf226fdd779c224aec7da3af45ce"
            },
            "dist": {
                "type": "zip",
                "url": "https://api.github.com/repos/thegreenter/xml/zipball/b487408a852baf226fdd779c224aec7da3af45ce",
                "reference": "b487408a852baf226fdd779c224aec7da3af45ce",
                "shasum": ""
            },
            "require": {
                "greenter/core": "^1.3",
                "php": ">=5.5.9",
                "twig/twig": "~1.0"
            },
            "require-dev": {
                "greenter/data": "^1.1",
                "greenter/ubl-validator": "^1.0",
                "phpunit/phpunit": ">=4.8 < 6.0"
            },
            "type": "library",
            "autoload": {
                "psr-4": {
                    "Greenter\\": "src/"
                }
            },
            "notification-url": "https://packagist.org/downloads/",
            "license": [
                "MIT"
            ],
            "authors": [
                {
                    "name": "Giancarlos Salas",
                    "email": "giansalex@gmail.com"
                }
            ],
            "description": "XML generación de documentos electrónicos, Facturacion Electrónica SUNAT - Perú",
            "homepage": "https://github.com/giansalex/greenter-xml",
            "keywords": [
                "greenter",
                "xml"
            ],
            "support": {
                "issues": "https://github.com/thegreenter/xml/issues",
                "source": "https://github.com/thegreenter/xml/tree/v1.2.7"
            },
            "time": "2018-08-04T17:19:05+00:00"
        },
        {
            "name": "symfony/polyfill-ctype",
            "version": "v1.32.0",
            "source": {
                "type": "git",
                "url": "https://github.com/symfony/polyfill-ctype.git",
                "reference": "a3cc8b044a6ea513310cbd48ef7333b384945638"
            },
            "dist": {
                "type": "zip",
                "url": "https://api.github.com/repos/symfony/polyfill-ctype/zipball/a3cc8b044a6ea513310cbd48ef7333b384945638",
                "reference": "a3cc8b044a6ea513310cbd48ef7333b384945638",
                "shasum": ""
            },
            "require": {
                "php": ">=7.2"
            },
            "provide": {
                "ext-ctype": "*"
            },
            "suggest": {
                "ext-ctype": "For best performance"
            },
            "type": "library",
            "extra": {
                "thanks": {
                    "url": "https://github.com/symfony/polyfill",
                    "name": "symfony/polyfill"
                }
            },
            "autoload": {
                "files": [
                    "bootstrap.php"
                ],
                "psr-4": {
                    "Symfony\\Polyfill\\Ctype\\": ""
                }
            },
            "notification-url": "https://packagist.org/downloads/",
            "license": [
                "MIT"
            ],
            "authors": [
                {
                    "name": "Gert de Pagter",
                    "email": "BackEndTea@gmail.com"
                },
                {
                    "name": "Symfony Community",
                    "homepage": "https://symfony.com/contributors"
                }
            ],
            "description": "Symfony polyfill for ctype functions",
            "homepage": "https://symfony.com",
            "keywords": [
                "compatibility",
                "ctype",
                "polyfill",
                "portable"
            ],
            "support": {
                "source": "https://github.com/symfony/polyfill-ctype/tree/v1.32.0"
            },
            "funding": [
                {
                    "url": "https://symfony.com/sponsor",
                    "type": "custom"
                },
                {
                    "url": "https://github.com/fabpot",
                    "type": "github"
                },
                {
                    "url": "https://tidelift.com/funding/github/packagist/symfony/symfony",
                    "type": "tidelift"
                }
            ],
            "time": "2024-09-09T11:45:10+00:00"
        },
        {
            "name": "twig/twig",
            "version": "v1.44.8",
            "source": {
                "type": "git",
                "url": "https://github.com/twigphp/Twig.git",
                "reference": "b1f009c449e435a0384814e67205d9190a4d050e"
            },
            "dist": {
                "type": "zip",
                "url": "https://api.github.com/repos/twigphp/Twig/zipball/b1f009c449e435a0384814e67205d9190a4d050e",
                "reference": "b1f009c449e435a0384814e67205d9190a4d050e",
                "shasum": ""
            },
            "require": {
                "php": ">=7.2.5",
                "symfony/polyfill-ctype": "^1.8"
            },
            "require-dev": {
                "psr/container": "^1.0",
                "symfony/phpunit-bridge": "^4.4.9|^5.0.9"
            },
            "type": "library",
            "extra": {
                "branch-alias": {
                    "dev-master": "1.44-dev"
                }
            },
            "autoload": {
                "psr-0": {
                    "Twig_": "lib/"
                },
                "psr-4": {
                    "Twig\\": "src/"
                }
            },
            "notification-url": "https://packagist.org/downloads/",
            "license": [
                "BSD-3-Clause"
            ],
            "authors": [
                {
                    "name": "Fabien Potencier",
                    "email": "fabien@symfony.com",
                    "homepage": "http://fabien.potencier.org",
                    "role": "Lead Developer"
                },
                {
                    "name": "Twig Team",
                    "role": "Contributors"
                },
                {
                    "name": "Armin Ronacher",
                    "email": "armin.ronacher@active-4.com",
                    "role": "Project Founder"
                }
            ],
            "description": "Twig, the flexible, fast, and secure template language for PHP",
            "homepage": "https://twig.symfony.com",
            "keywords": [
                "templating"
            ],
            "support": {
                "issues": "https://github.com/twigphp/Twig/issues",
                "source": "https://github.com/twigphp/Twig/tree/v1.44.8"
            },
            "funding": [
                {
                    "url": "https://github.com/fabpot",
                    "type": "github"
                },
                {
                    "url": "https://tidelift.com/funding/github/packagist/twig/twig",
                    "type": "tidelift"
                }
            ],
            "time": "2024-09-09T17:17:16+00:00"
        }
    ],
    "packages-dev": [],
    "aliases": [],
    "minimum-stability": "stable",
    "stability-flags": {},
    "prefer-stable": false,
    "prefer-lowest": false,
    "platform": {},
    "platform-dev": {},
    "plugin-api-version": "2.6.0"
}
